{
    "name": "go-package_asdlhashj",
    "version": "2.0.0",
    "lockfileVersion": 3,
    "requires": true,
    "packages": {
        "": {
            "name": "go-package_asdlhashj",
            "version": "2.0.0",
            "license": "MIT",
            "bin": {
                "go-package_asdlhashj": "exec.js"
            },
            "optionalDependencies": {
                "go-package_darwin_arm64": "2.0.0",
                "go-package_windows_amd64_v1": "2.0.0",
                "go-package_windows_arm64": "2.0.0"
            }
        },
        "node_modules/go-package_darwin_arm64": {
            "version": "2.0.0",
            "resolved": "https://registry.npmjs.org/go-package_darwin_arm64/-/go-package_darwin_arm64-2.0.0.tgz",
            "integrity": "sha512-ElRRLVmowZC/WIQypeUhOuhqU0z2dP4bzhO0km8yJD8Bxx9uod7sebpewcBPm8zWteWU/0P4tyqsTEDlbqM44g==",
            "cpu": [
                "arm64"
            ],
            "optional": true,
            "os": [
                "darwin"
            ],
            "bin": {
                "go-package_darwin_arm64": "go-package"
            }
        },
        "node_modules/go-package_windows_amd64_v1": {
            "version": "2.0.0",
            "resolved": "https://registry.npmjs.org/go-package_windows_amd64_v1/-/go-package_windows_amd64_v1-2.0.0.tgz",
            "integrity": "sha512-taEEJmKk+Z62MYiMhR74Qw7iV1Uq/l9c/ZnqY/MK10uBNO3m3rUbdq2AvVHybVpXXz0LRt5KCf4xeXK/oK304g==",
            "cpu": [
                "x64"
            ],
            "optional": true,
            "os": [
                "windows"
            ],
            "bin": {
                "go-package_windows_amd64_v1": "go-package"
            }
        },
        "node_modules/go-package_windows_arm64": {
            "version": "2.0.0",
            "resolved": "https://registry.npmjs.org/go-package_windows_arm64/-/go-package_windows_arm64-2.0.0.tgz",
            "integrity": "sha512-4Nd27WRLcs7O95WLCL360Sm6647Bvwd0Ox8dYfwTiQNF5l6mywYUmGvawnQHsaSu2eplVi7yDE4uPQhcRj2UgQ==",
            "cpu": [
                "arm64"
            ],
            "optional": true,
            "os": [
                "windows"
            ],
            "bin": {
                "go-package_windows_arm64": "go-package"
            }
        }
    }
}
